
Microsoft Visual Studio Solution File, Format Version 12.00
Project("{FAE04EC0-301F-11D3-BF4B-00C04F79EFBC}") = "FinalDDM2", "FinalDDM2\FinalDDM2.csproj", "{AA046630-3EE2-487A-85D1-518B6E8B4A6F}"
EndProject
Global
	GlobalSection(SolutionConfigurationPlatforms) = preSolution
		Debug|Any CPU = Debug|Any CPU
		Release|Any CPU = Release|Any CPU
	EndGlobalSection
	GlobalSection(ProjectConfigurationPlatforms) = postSolution
		{AA046630-3EE2-487A-85D1-518B6E8B4A6F}.Debug|Any CPU.ActiveCfg = Debug|Any CPU
		{AA046630-3EE2-487A-85D1-518B6E8B4A6F}.Debug|Any CPU.Build.0 = Debug|Any CPU
		{AA046630-3EE2-487A-85D1-518B6E8B4A6F}.Release|Any CPU.ActiveCfg = Release|Any CPU
		{AA046630-3EE2-487A-85D1-518B6E8B4A6F}.Release|Any CPU.Build.0 = Release|Any CPU
	EndGlobalSection
EndGlobal
